// !$*UTF8*$!
{
	archiveVersion = 1;
	classes = {
	};
	objectVersion = 56;
	objects = {

/* Begin PBXBuildFile section */
		3311A4B92900668800B14B5F /* CFDocument_Tests.swift in Sources */ = {isa = PBXBuildFile; fileRef = 3311A4B82900668800B14B5F /* CFDocument_Tests.swift */; };
		3311A4BB29011AE000B14B5F /* CFClassifacationView.swift in Sources */ = {isa = PBXBuildFile; fileRef = 3311A4BA29011AE000B14B5F /* CFClassifacationView.swift */; };
		3311A4BD2901294000B14B5F /* Tender.swift in Sources */ = {isa = PBXBuildFile; fileRef = 3311A4BC2901294000B14B5F /* Tender.swift */; };
		3311A4C0290129F600B14B5F /* String-Extensions.swift in Sources */ = {isa = PBXBuildFile; fileRef = 3311A4BF290129F600B14B5F /* String-Extensions.swift */; };
		3311A4C229012DD500B14B5F /* Item.swift in Sources */ = {isa = PBXBuildFile; fileRef = 3311A4C129012DD500B14B5F /* Item.swift */; };
		3311A4C429012DFE00B14B5F /* DeliveryAddress.swift in Sources */ = {isa = PBXBuildFile; fileRef = 3311A4C329012DFE00B14B5F /* DeliveryAddress.swift */; };
		3311A4C6290130D500B14B5F /* Document.swift in Sources */ = {isa = PBXBuildFile; fileRef = 3311A4C5290130D500B14B5F /* Document.swift */; };
		3311A4C829013A5A00B14B5F /* Release.swift in Sources */ = {isa = PBXBuildFile; fileRef = 3311A4C729013A5A00B14B5F /* Release.swift */; };
		3311A4CA29013A7300B14B5F /* Award.swift in Sources */ = {isa = PBXBuildFile; fileRef = 3311A4C929013A7300B14B5F /* Award.swift */; };
		3311A4CC29013AA100B14B5F /* Period.swift in Sources */ = {isa = PBXBuildFile; fileRef = 3311A4CB29013AA100B14B5F /* Period.swift */; };
		3311A4D12901445B00B14B5F /* CFSearchTestData.swift in Sources */ = {isa = PBXBuildFile; fileRef = 3311A4CF290143DE00B14B5F /* CFSearchTestData.swift */; };
		3311A4D329014C3900B14B5F /* Publisher.swift in Sources */ = {isa = PBXBuildFile; fileRef = 3311A4D229014C3900B14B5F /* Publisher.swift */; };
		3311A4D529014C4F00B14B5F /* Party.swift in Sources */ = {isa = PBXBuildFile; fileRef = 3311A4D429014C4F00B14B5F /* Party.swift */; };
		3311A4D729014C6800B14B5F /* Budget.swift in Sources */ = {isa = PBXBuildFile; fileRef = 3311A4D629014C6800B14B5F /* Budget.swift */; };
		3311A4D929014CA200B14B5F /* Classification.swift in Sources */ = {isa = PBXBuildFile; fileRef = 3311A4D829014CA200B14B5F /* Classification.swift */; };
		3311A4DB29014CED00B14B5F /* Address.swift in Sources */ = {isa = PBXBuildFile; fileRef = 3311A4DA29014CED00B14B5F /* Address.swift */; };
		3311A4DD29014D1900B14B5F /* Suitability.swift in Sources */ = {isa = PBXBuildFile; fileRef = 3311A4DC29014D1900B14B5F /* Suitability.swift */; };
		3311A4DF29014D2F00B14B5F /* Communication.swift in Sources */ = {isa = PBXBuildFile; fileRef = 3311A4DE29014D2F00B14B5F /* Communication.swift */; };
		3311A4E129014D3E00B14B5F /* Planning.swift in Sources */ = {isa = PBXBuildFile; fileRef = 3311A4E029014D3E00B14B5F /* Planning.swift */; };
		3311A4E329014D5500B14B5F /* Identifier.swift in Sources */ = {isa = PBXBuildFile; fileRef = 3311A4E229014D5500B14B5F /* Identifier.swift */; };
		3311A4E529014D6300B14B5F /* Details.swift in Sources */ = {isa = PBXBuildFile; fileRef = 3311A4E429014D6300B14B5F /* Details.swift */; };
		3311A4E729014D7600B14B5F /* ContactPoint.swift in Sources */ = {isa = PBXBuildFile; fileRef = 3311A4E629014D7600B14B5F /* ContactPoint.swift */; };
		3311A4E929014D9200B14B5F /* MinValue.swift in Sources */ = {isa = PBXBuildFile; fileRef = 3311A4E829014D9200B14B5F /* MinValue.swift */; };
		3311A4EB29014D9E00B14B5F /* Buyer.swift in Sources */ = {isa = PBXBuildFile; fileRef = 3311A4EA29014D9E00B14B5F /* Buyer.swift */; };
		3311A4ED29014DAF00B14B5F /* Links.swift in Sources */ = {isa = PBXBuildFile; fileRef = 3311A4EC29014DAF00B14B5F /* Links.swift */; };
		3311A4EF2901733F00B14B5F /* CFModifiers.swift in Sources */ = {isa = PBXBuildFile; fileRef = 3311A4EE2901733F00B14B5F /* CFModifiers.swift */; };
		3311A4F1290182CC00B14B5F /* CFPartyView.swift in Sources */ = {isa = PBXBuildFile; fileRef = 3311A4F0290182CC00B14B5F /* CFPartyView.swift */; };
		3311A4F3290195C300B14B5F /* CFAwardsView.swift in Sources */ = {isa = PBXBuildFile; fileRef = 3311A4F2290195C300B14B5F /* CFAwardsView.swift */; };
		3311A4F52901C28D00B14B5F /* DashedLine.swift in Sources */ = {isa = PBXBuildFile; fileRef = 3311A4F42901C28D00B14B5F /* DashedLine.swift */; };
		3311A4F72901EA4800B14B5F /* CFMailView.swift in Sources */ = {isa = PBXBuildFile; fileRef = 3311A4F62901EA4800B14B5F /* CFMailView.swift */; };
		3311A50F29020BAB00B14B5F /* CFSearchTestData.swift in Sources */ = {isa = PBXBuildFile; fileRef = 3311A4F929020BA900B14B5F /* CFSearchTestData.swift */; };
		3311A51029020BAB00B14B5F /* Classification_Tests.swift in Sources */ = {isa = PBXBuildFile; fileRef = 3311A4FA29020BA900B14B5F /* Classification_Tests.swift */; };
		3311A51129020BAB00B14B5F /* Budget_Tests.swift in Sources */ = {isa = PBXBuildFile; fileRef = 3311A4FB29020BA900B14B5F /* Budget_Tests.swift */; };
		3311A51229020BAB00B14B5F /* Document_Tests.swift in Sources */ = {isa = PBXBuildFile; fileRef = 3311A4FC29020BA900B14B5F /* Document_Tests.swift */; };
		3311A51329020BAB00B14B5F /* Address_Tests.swift in Sources */ = {isa = PBXBuildFile; fileRef = 3311A4FD29020BA900B14B5F /* Address_Tests.swift */; };
		3311A51429020BAB00B14B5F /* Item_Tests.swift in Sources */ = {isa = PBXBuildFile; fileRef = 3311A4FE29020BA900B14B5F /* Item_Tests.swift */; };
		3311A51529020BAB00B14B5F /* Links_Tests.swift in Sources */ = {isa = PBXBuildFile; fileRef = 3311A4FF29020BA900B14B5F /* Links_Tests.swift */; };
		3311A51629020BAB00B14B5F /* Buyer_Tests.swift in Sources */ = {isa = PBXBuildFile; fileRef = 3311A50029020BA900B14B5F /* Buyer_Tests.swift */; };
		3311A51729020BAB00B14B5F /* Award_Tests.swift in Sources */ = {isa = PBXBuildFile; fileRef = 3311A50129020BA900B14B5F /* Award_Tests.swift */; };
		3311A51829020BAB00B14B5F /* Identifier_Tests.swift in Sources */ = {isa = PBXBuildFile; fileRef = 3311A50229020BAA00B14B5F /* Identifier_Tests.swift */; };
		3311A51929020BAB00B14B5F /* Planning_Tests.swift in Sources */ = {isa = PBXBuildFile; fileRef = 3311A50329020BAA00B14B5F /* Planning_Tests.swift */; };
		3311A51A29020BAB00B14B5F /* MinValue_Tests.swift in Sources */ = {isa = PBXBuildFile; fileRef = 3311A50429020BAA00B14B5F /* MinValue_Tests.swift */; };
		3311A51B29020BAB00B14B5F /* Party_Tests.swift in Sources */ = {isa = PBXBuildFile; fileRef = 3311A50529020BAA00B14B5F /* Party_Tests.swift */; };
		3311A51C29020BAB00B14B5F /* DeliveryAddress_Tests.swift in Sources */ = {isa = PBXBuildFile; fileRef = 3311A50629020BAA00B14B5F /* DeliveryAddress_Tests.swift */; };
		3311A51D29020BAB00B14B5F /* Publisher_Tests.swift in Sources */ = {isa = PBXBuildFile; fileRef = 3311A50729020BAA00B14B5F /* Publisher_Tests.swift */; };
		3311A51E29020BAB00B14B5F /* Release_Tests.swift in Sources */ = {isa = PBXBuildFile; fileRef = 3311A50829020BAA00B14B5F /* Release_Tests.swift */; };
		3311A51F29020BAB00B14B5F /* Communication_Tests.swift in Sources */ = {isa = PBXBuildFile; fileRef = 3311A50929020BAA00B14B5F /* Communication_Tests.swift */; };
		3311A52029020BAB00B14B5F /* Suitability_Tests.swift in Sources */ = {isa = PBXBuildFile; fileRef = 3311A50A29020BAA00B14B5F /* Suitability_Tests.swift */; };
		3311A52129020BAB00B14B5F /* Tender_Tests.swift in Sources */ = {isa = PBXBuildFile; fileRef = 3311A50B29020BAA00B14B5F /* Tender_Tests.swift */; };
		3311A52229020BAB00B14B5F /* Details_Tests.swift in Sources */ = {isa = PBXBuildFile; fileRef = 3311A50C29020BAA00B14B5F /* Details_Tests.swift */; };
		3311A52329020BAB00B14B5F /* Period_Tests.swift in Sources */ = {isa = PBXBuildFile; fileRef = 3311A50D29020BAA00B14B5F /* Period_Tests.swift */; };
		3311A52429020BAB00B14B5F /* ContactPoint_Tests.swift in Sources */ = {isa = PBXBuildFile; fileRef = 3311A50E29020BAA00B14B5F /* ContactPoint_Tests.swift */; };
		3311A528290271FC00B14B5F /* TestHelpers.swift in Sources */ = {isa = PBXBuildFile; fileRef = 3311A527290271FC00B14B5F /* TestHelpers.swift */; };
		3311A52E2902AA0E00B14B5F /* CPV_Tests.swift in Sources */ = {isa = PBXBuildFile; fileRef = 3311A52D2902AA0E00B14B5F /* CPV_Tests.swift */; };
		3311A5302902AA2400B14B5F /* CPVLoader_Tests.swift in Sources */ = {isa = PBXBuildFile; fileRef = 3311A52F2902AA2400B14B5F /* CPVLoader_Tests.swift */; };
		3311A5322902AA3A00B14B5F /* CPVModel_Tests.swift in Sources */ = {isa = PBXBuildFile; fileRef = 3311A5312902AA3A00B14B5F /* CPVModel_Tests.swift */; };
		3311A5502902E26900B14B5F /* TelephoneCaller.swift in Sources */ = {isa = PBXBuildFile; fileRef = 3311A54F2902E26900B14B5F /* TelephoneCaller.swift */; };
		334FEBF52902ED070041F30A /* CFContacts.swift in Sources */ = {isa = PBXBuildFile; fileRef = 334FEBF42902ED070041F30A /* CFContacts.swift */; };
		3384BF702903B6A300BEBD9D /* CFViewModel-CPVExtenstion.swift in Sources */ = {isa = PBXBuildFile; fileRef = 3384BF6F2903B6A300BEBD9D /* CFViewModel-CPVExtenstion.swift */; };
		3384BF722903C5FC00BEBD9D /* CFViewModel-SettingsExtension.swift in Sources */ = {isa = PBXBuildFile; fileRef = 3384BF712903C5FC00BEBD9D /* CFViewModel-SettingsExtension.swift */; };
		3384BF742903C66200BEBD9D /* CFViewModel-ModelExtension.swift in Sources */ = {isa = PBXBuildFile; fileRef = 3384BF732903C66200BEBD9D /* CFViewModel-ModelExtension.swift */; };
		3384BF7A2903EC6600BEBD9D /* TestData-HundredReleasesExtension.swift in Sources */ = {isa = PBXBuildFile; fileRef = 3384BF792903EC6600BEBD9D /* TestData-HundredReleasesExtension.swift */; };
		3384BF7E290429B700BEBD9D /* CFModel-SearchOptions.swift in Sources */ = {isa = PBXBuildFile; fileRef = 3384BF7D290429B700BEBD9D /* CFModel-SearchOptions.swift */; };
		3384BF80290429EE00BEBD9D /* CFModel-Stage.swift in Sources */ = {isa = PBXBuildFile; fileRef = 3384BF7F290429EE00BEBD9D /* CFModel-Stage.swift */; };
		3384BF82290430A300BEBD9D /* Date-Extension.swift in Sources */ = {isa = PBXBuildFile; fileRef = 3384BF81290430A300BEBD9D /* Date-Extension.swift */; };
		3384BF8629044B4200BEBD9D /* CFReleaseFormatter.swift in Sources */ = {isa = PBXBuildFile; fileRef = 3384BF8529044B4200BEBD9D /* CFReleaseFormatter.swift */; };
		3384BF892904F9AB00BEBD9D /* CFContacts_Tests.swift in Sources */ = {isa = PBXBuildFile; fileRef = 3384BF882904F9AB00BEBD9D /* CFContacts_Tests.swift */; };
		3384BF8B290500AA00BEBD9D /* StatusModifier_Tests.swift in Sources */ = {isa = PBXBuildFile; fileRef = 3384BF8A290500AA00BEBD9D /* StatusModifier_Tests.swift */; };
		3384BF8D2905040600BEBD9D /* Date-Extensions_Tests.swift in Sources */ = {isa = PBXBuildFile; fileRef = 3384BF8C2905040600BEBD9D /* Date-Extensions_Tests.swift */; };
		33B4278628FF27CC00B2165F /* UKContractsApp.swift in Sources */ = {isa = PBXBuildFile; fileRef = 33B4278528FF27CC00B2165F /* UKContractsApp.swift */; };
		33B4278828FF27CC00B2165F /* ContentView.swift in Sources */ = {isa = PBXBuildFile; fileRef = 33B4278728FF27CC00B2165F /* ContentView.swift */; };
		33B4278A28FF27CD00B2165F /* Assets.xcassets in Resources */ = {isa = PBXBuildFile; fileRef = 33B4278928FF27CD00B2165F /* Assets.xcassets */; };
		33B4278D28FF27CD00B2165F /* Preview Assets.xcassets in Resources */ = {isa = PBXBuildFile; fileRef = 33B4278C28FF27CD00B2165F /* Preview Assets.xcassets */; };
		33B4279728FF27CD00B2165F /* UKContractsTests.swift in Sources */ = {isa = PBXBuildFile; fileRef = 33B4279628FF27CD00B2165F /* UKContractsTests.swift */; };
		33B427A128FF27CD00B2165F /* UKContractsUITests.swift in Sources */ = {isa = PBXBuildFile; fileRef = 33B427A028FF27CD00B2165F /* UKContractsUITests.swift */; };
		33B427A328FF27CD00B2165F /* UKContractsUITestsLaunchTests.swift in Sources */ = {isa = PBXBuildFile; fileRef = 33B427A228FF27CD00B2165F /* UKContractsUITestsLaunchTests.swift */; };
		33B427B928FF285500B2165F /* CFSearch.swift in Sources */ = {isa = PBXBuildFile; fileRef = 33B427B828FF285500B2165F /* CFSearch.swift */; };
		33B427BB28FF286400B2165F /* Constants.swift in Sources */ = {isa = PBXBuildFile; fileRef = 33B427BA28FF286400B2165F /* Constants.swift */; };
		33B427BD28FF28BA00B2165F /* CFViewModel.swift in Sources */ = {isa = PBXBuildFile; fileRef = 33B427BC28FF28BA00B2165F /* CFViewModel.swift */; };
		33B427BF28FF28D300B2165F /* CFModel.swift in Sources */ = {isa = PBXBuildFile; fileRef = 33B427BE28FF28D300B2165F /* CFModel.swift */; };
		33B427C128FF292700B2165F /* URLSession-Extension.swift in Sources */ = {isa = PBXBuildFile; fileRef = 33B427C028FF292700B2165F /* URLSession-Extension.swift */; };
		33B427C528FF2AA800B2165F /* CFSearch-Extension.swift in Sources */ = {isa = PBXBuildFile; fileRef = 33B427C428FF2AA800B2165F /* CFSearch-Extension.swift */; };
		33B427C728FF2C9200B2165F /* CFModel_Tests.swift in Sources */ = {isa = PBXBuildFile; fileRef = 33B427C628FF2C9200B2165F /* CFModel_Tests.swift */; };
		33B427C928FFB86100B2165F /* DummyDataLoader.swift in Sources */ = {isa = PBXBuildFile; fileRef = 33B427C828FFB86100B2165F /* DummyDataLoader.swift */; };
		33B427CB28FFBFBA00B2165F /* TestData.swift in Sources */ = {isa = PBXBuildFile; fileRef = 33B427CA28FFBFBA00B2165F /* TestData.swift */; };
		33B427CD28FFC30900B2165F /* CFViewModel_Tests.swift in Sources */ = {isa = PBXBuildFile; fileRef = 33B427CC28FFC30900B2165F /* CFViewModel_Tests.swift */; };
		33B427CF28FFC7A700B2165F /* EquatableError.swift in Sources */ = {isa = PBXBuildFile; fileRef = 33B427CE28FFC7A700B2165F /* EquatableError.swift */; };
		33B427DC28FFDDE200B2165F /* GradientsView.swift in Sources */ = {isa = PBXBuildFile; fileRef = 33B427DB28FFDDE200B2165F /* GradientsView.swift */; };
		33B427DE28FFDE1C00B2165F /* SettingsView.swift in Sources */ = {isa = PBXBuildFile; fileRef = 33B427DD28FFDE1C00B2165F /* SettingsView.swift */; };
		33B427E128FFDE5A00B2165F /* SettingsModel.swift in Sources */ = {isa = PBXBuildFile; fileRef = 33B427E028FFDE5A00B2165F /* SettingsModel.swift */; };
		33B427E328FFDE7000B2165F /* Storage.swift in Sources */ = {isa = PBXBuildFile; fileRef = 33B427E228FFDE7000B2165F /* Storage.swift */; };
		33B427E528FFDEA700B2165F /* CPV.swift in Sources */ = {isa = PBXBuildFile; fileRef = 33B427E428FFDEA700B2165F /* CPV.swift */; };
		33B427E728FFDEC700B2165F /* CPVLoader.swift in Sources */ = {isa = PBXBuildFile; fileRef = 33B427E628FFDEC700B2165F /* CPVLoader.swift */; };
		33B427E928FFDEE800B2165F /* CPVModel.swift in Sources */ = {isa = PBXBuildFile; fileRef = 33B427E828FFDEE800B2165F /* CPVModel.swift */; };
		33B427EC28FFE13700B2165F /* CPVCheckView.swift in Sources */ = {isa = PBXBuildFile; fileRef = 33B427EB28FFE13700B2165F /* CPVCheckView.swift */; };
		33B427EE28FFE15200B2165F /* CPVListView.swift in Sources */ = {isa = PBXBuildFile; fileRef = 33B427ED28FFE15200B2165F /* CPVListView.swift */; };
		33B427F028FFE16D00B2165F /* HierarchyList.swift in Sources */ = {isa = PBXBuildFile; fileRef = 33B427EF28FFE16D00B2165F /* HierarchyList.swift */; };
		33B427F228FFE1D500B2165F /* Debouncer.swift in Sources */ = {isa = PBXBuildFile; fileRef = 33B427F128FFE1D500B2165F /* Debouncer.swift */; };
		33B427F428FFE5B200B2165F /* CpvCodes.csv in Resources */ = {isa = PBXBuildFile; fileRef = 33B427F328FFE5B200B2165F /* CpvCodes.csv */; };
		33B4280329005E0E00B2165F /* CFReleaseView.swift in Sources */ = {isa = PBXBuildFile; fileRef = 33B4280229005E0E00B2165F /* CFReleaseView.swift */; };
		33B4280529005E3E00B2165F /* CFDocumentView.swift in Sources */ = {isa = PBXBuildFile; fileRef = 33B4280429005E3E00B2165F /* CFDocumentView.swift */; };
		33B4280729005E5200B2165F /* CFTenderView.swift in Sources */ = {isa = PBXBuildFile; fileRef = 33B4280629005E5200B2165F /* CFTenderView.swift */; };
/* End PBXBuildFile section */

/* Begin PBXContainerItemProxy section */
		33B4279328FF27CD00B2165F /* PBXContainerItemProxy */ = {
			isa = PBXContainerItemProxy;
			containerPortal = 33B4277A28FF27CC00B2165F /* Project object */;
			proxyType = 1;
			remoteGlobalIDString = 33B4278128FF27CC00B2165F;
			remoteInfo = UKContracts;
		};
		33B4279D28FF27CD00B2165F /* PBXContainerItemProxy */ = {
			isa = PBXContainerItemProxy;
			containerPortal = 33B4277A28FF27CC00B2165F /* Project object */;
			proxyType = 1;
			remoteGlobalIDString = 33B4278128FF27CC00B2165F;
			remoteInfo = UKContracts;
		};
/* End PBXContainerItemProxy section */

/* Begin PBXFileReference section */
		3311A4B82900668800B14B5F /* CFDocument_Tests.swift */ = {isa = PBXFileReference; lastKnownFileType = sourcecode.swift; path = CFDocument_Tests.swift; sourceTree = "<group>"; };
		3311A4BA29011AE000B14B5F /* CFClassifacationView.swift */ = {isa = PBXFileReference; lastKnownFileType = sourcecode.swift; path = CFClassifacationView.swift; sourceTree = "<group>"; };
		3311A4BC2901294000B14B5F /* Tender.swift */ = {isa = PBXFileReference; lastKnownFileType = sourcecode.swift; path = Tender.swift; sourceTree = "<group>"; };
		3311A4BF290129F600B14B5F /* String-Extensions.swift */ = {isa = PBXFileReference; lastKnownFileType = sourcecode.swift; path = "String-Extensions.swift"; sourceTree = "<group>"; };
		3311A4C129012DD500B14B5F /* Item.swift */ = {isa = PBXFileReference; lastKnownFileType = sourcecode.swift; path = Item.swift; sourceTree = "<group>"; };
		3311A4C329012DFE00B14B5F /* DeliveryAddress.swift */ = {isa = PBXFileReference; lastKnownFileType = sourcecode.swift; path = DeliveryAddress.swift; sourceTree = "<group>"; };
		3311A4C5290130D500B14B5F /* Document.swift */ = {isa = PBXFileReference; lastKnownFileType = sourcecode.swift; path = Document.swift; sourceTree = "<group>"; };
		3311A4C729013A5A00B14B5F /* Release.swift */ = {isa = PBXFileReference; lastKnownFileType = sourcecode.swift; path = Release.swift; sourceTree = "<group>"; };
		3311A4C929013A7300B14B5F /* Award.swift */ = {isa = PBXFileReference; lastKnownFileType = sourcecode.swift; path = Award.swift; sourceTree = "<group>"; };
		3311A4CB29013AA100B14B5F /* Period.swift */ = {isa = PBXFileReference; lastKnownFileType = sourcecode.swift; path = Period.swift; sourceTree = "<group>"; };
		3311A4CF290143DE00B14B5F /* CFSearchTestData.swift */ = {isa = PBXFileReference; fileEncoding = 4; lastKnownFileType = sourcecode.swift; path = CFSearchTestData.swift; sourceTree = "<group>"; };
		3311A4D229014C3900B14B5F /* Publisher.swift */ = {isa = PBXFileReference; lastKnownFileType = sourcecode.swift; path = Publisher.swift; sourceTree = "<group>"; };
		3311A4D429014C4F00B14B5F /* Party.swift */ = {isa = PBXFileReference; lastKnownFileType = sourcecode.swift; path = Party.swift; sourceTree = "<group>"; };
		3311A4D629014C6800B14B5F /* Budget.swift */ = {isa = PBXFileReference; lastKnownFileType = sourcecode.swift; path = Budget.swift; sourceTree = "<group>"; };
		3311A4D829014CA200B14B5F /* Classification.swift */ = {isa = PBXFileReference; lastKnownFileType = sourcecode.swift; path = Classification.swift; sourceTree = "<group>"; };
		3311A4DA29014CED00B14B5F /* Address.swift */ = {isa = PBXFileReference; lastKnownFileType = sourcecode.swift; path = Address.swift; sourceTree = "<group>"; };
		3311A4DC29014D1900B14B5F /* Suitability.swift */ = {isa = PBXFileReference; lastKnownFileType = sourcecode.swift; path = Suitability.swift; sourceTree = "<group>"; };
		3311A4DE29014D2F00B14B5F /* Communication.swift */ = {isa = PBXFileReference; lastKnownFileType = sourcecode.swift; path = Communication.swift; sourceTree = "<group>"; };
		3311A4E029014D3E00B14B5F /* Planning.swift */ = {isa = PBXFileReference; lastKnownFileType = sourcecode.swift; path = Planning.swift; sourceTree = "<group>"; };
		3311A4E229014D5500B14B5F /* Identifier.swift */ = {isa = PBXFileReference; lastKnownFileType = sourcecode.swift; path = Identifier.swift; sourceTree = "<group>"; };
		3311A4E429014D6300B14B5F /* Details.swift */ = {isa = PBXFileReference; lastKnownFileType = sourcecode.swift; path = Details.swift; sourceTree = "<group>"; };
		3311A4E629014D7600B14B5F /* ContactPoint.swift */ = {isa = PBXFileReference; lastKnownFileType = sourcecode.swift; path = ContactPoint.swift; sourceTree = "<group>"; };
		3311A4E829014D9200B14B5F /* MinValue.swift */ = {isa = PBXFileReference; lastKnownFileType = sourcecode.swift; path = MinValue.swift; sourceTree = "<group>"; };
		3311A4EA29014D9E00B14B5F /* Buyer.swift */ = {isa = PBXFileReference; lastKnownFileType = sourcecode.swift; path = Buyer.swift; sourceTree = "<group>"; };
		3311A4EC29014DAF00B14B5F /* Links.swift */ = {isa = PBXFileReference; lastKnownFileType = sourcecode.swift; path = Links.swift; sourceTree = "<group>"; };
		3311A4EE2901733F00B14B5F /* CFModifiers.swift */ = {isa = PBXFileReference; lastKnownFileType = sourcecode.swift; path = CFModifiers.swift; sourceTree = "<group>"; };
		3311A4F0290182CC00B14B5F /* CFPartyView.swift */ = {isa = PBXFileReference; lastKnownFileType = sourcecode.swift; path = CFPartyView.swift; sourceTree = "<group>"; };
		3311A4F2290195C300B14B5F /* CFAwardsView.swift */ = {isa = PBXFileReference; lastKnownFileType = sourcecode.swift; path = CFAwardsView.swift; sourceTree = "<group>"; };
		3311A4F42901C28D00B14B5F /* DashedLine.swift */ = {isa = PBXFileReference; lastKnownFileType = sourcecode.swift; path = DashedLine.swift; sourceTree = "<group>"; };
		3311A4F62901EA4800B14B5F /* CFMailView.swift */ = {isa = PBXFileReference; lastKnownFileType = sourcecode.swift; path = CFMailView.swift; sourceTree = "<group>"; };
		3311A4F929020BA900B14B5F /* CFSearchTestData.swift */ = {isa = PBXFileReference; fileEncoding = 4; lastKnownFileType = sourcecode.swift; path = CFSearchTestData.swift; sourceTree = "<group>"; };
		3311A4FA29020BA900B14B5F /* Classification_Tests.swift */ = {isa = PBXFileReference; fileEncoding = 4; lastKnownFileType = sourcecode.swift; path = Classification_Tests.swift; sourceTree = "<group>"; };
		3311A4FB29020BA900B14B5F /* Budget_Tests.swift */ = {isa = PBXFileReference; fileEncoding = 4; lastKnownFileType = sourcecode.swift; path = Budget_Tests.swift; sourceTree = "<group>"; };
		3311A4FC29020BA900B14B5F /* Document_Tests.swift */ = {isa = PBXFileReference; fileEncoding = 4; lastKnownFileType = sourcecode.swift; path = Document_Tests.swift; sourceTree = "<group>"; };
		3311A4FD29020BA900B14B5F /* Address_Tests.swift */ = {isa = PBXFileReference; fileEncoding = 4; lastKnownFileType = sourcecode.swift; path = Address_Tests.swift; sourceTree = "<group>"; };
		3311A4FE29020BA900B14B5F /* Item_Tests.swift */ = {isa = PBXFileReference; fileEncoding = 4; lastKnownFileType = sourcecode.swift; path = Item_Tests.swift; sourceTree = "<group>"; };
		3311A4FF29020BA900B14B5F /* Links_Tests.swift */ = {isa = PBXFileReference; fileEncoding = 4; lastKnownFileType = sourcecode.swift; path = Links_Tests.swift; sourceTree = "<group>"; };
		3311A50029020BA900B14B5F /* Buyer_Tests.swift */ = {isa = PBXFileReference; fileEncoding = 4; lastKnownFileType = sourcecode.swift; path = Buyer_Tests.swift; sourceTree = "<group>"; };
		3311A50129020BA900B14B5F /* Award_Tests.swift */ = {isa = PBXFileReference; fileEncoding = 4; lastKnownFileType = sourcecode.swift; path = Award_Tests.swift; sourceTree = "<group>"; };
		3311A50229020BAA00B14B5F /* Identifier_Tests.swift */ = {isa = PBXFileReference; fileEncoding = 4; lastKnownFileType = sourcecode.swift; path = Identifier_Tests.swift; sourceTree = "<group>"; };
		3311A50329020BAA00B14B5F /* Planning_Tests.swift */ = {isa = PBXFileReference; fileEncoding = 4; lastKnownFileType = sourcecode.swift; path = Planning_Tests.swift; sourceTree = "<group>"; };
		3311A50429020BAA00B14B5F /* MinValue_Tests.swift */ = {isa = PBXFileReference; fileEncoding = 4; lastKnownFileType = sourcecode.swift; path = MinValue_Tests.swift; sourceTree = "<group>"; };
		3311A50529020BAA00B14B5F /* Party_Tests.swift */ = {isa = PBXFileReference; fileEncoding = 4; lastKnownFileType = sourcecode.swift; path = Party_Tests.swift; sourceTree = "<group>"; };
		3311A50629020BAA00B14B5F /* DeliveryAddress_Tests.swift */ = {isa = PBXFileReference; fileEncoding = 4; lastKnownFileType = sourcecode.swift; path = DeliveryAddress_Tests.swift; sourceTree = "<group>"; };
		3311A50729020BAA00B14B5F /* Publisher_Tests.swift */ = {isa = PBXFileReference; fileEncoding = 4; lastKnownFileType = sourcecode.swift; path = Publisher_Tests.swift; sourceTree = "<group>"; };
		3311A50829020BAA00B14B5F /* Release_Tests.swift */ = {isa = PBXFileReference; fileEncoding = 4; lastKnownFileType = sourcecode.swift; path = Release_Tests.swift; sourceTree = "<group>"; };
		3311A50929020BAA00B14B5F /* Communication_Tests.swift */ = {isa = PBXFileReference; fileEncoding = 4; lastKnownFileType = sourcecode.swift; path = Communication_Tests.swift; sourceTree = "<group>"; };
		3311A50A29020BAA00B14B5F /* Suitability_Tests.swift */ = {isa = PBXFileReference; fileEncoding = 4; lastKnownFileType = sourcecode.swift; path = Suitability_Tests.swift; sourceTree = "<group>"; };
		3311A50B29020BAA00B14B5F /* Tender_Tests.swift */ = {isa = PBXFileReference; fileEncoding = 4; lastKnownFileType = sourcecode.swift; path = Tender_Tests.swift; sourceTree = "<group>"; };
		3311A50C29020BAA00B14B5F /* Details_Tests.swift */ = {isa = PBXFileReference; fileEncoding = 4; lastKnownFileType = sourcecode.swift; path = Details_Tests.swift; sourceTree = "<group>"; };
		3311A50D29020BAA00B14B5F /* Period_Tests.swift */ = {isa = PBXFileReference; fileEncoding = 4; lastKnownFileType = sourcecode.swift; path = Period_Tests.swift; sourceTree = "<group>"; };
		3311A50E29020BAA00B14B5F /* ContactPoint_Tests.swift */ = {isa = PBXFileReference; fileEncoding = 4; lastKnownFileType = sourcecode.swift; path = ContactPoint_Tests.swift; sourceTree = "<group>"; };
		3311A527290271FC00B14B5F /* TestHelpers.swift */ = {isa = PBXFileReference; lastKnownFileType = sourcecode.swift; path = TestHelpers.swift; sourceTree = "<group>"; };
		3311A52D2902AA0E00B14B5F /* CPV_Tests.swift */ = {isa = PBXFileReference; lastKnownFileType = sourcecode.swift; path = CPV_Tests.swift; sourceTree = "<group>"; };
		3311A52F2902AA2400B14B5F /* CPVLoader_Tests.swift */ = {isa = PBXFileReference; lastKnownFileType = sourcecode.swift; path = CPVLoader_Tests.swift; sourceTree = "<group>"; };
		3311A5312902AA3A00B14B5F /* CPVModel_Tests.swift */ = {isa = PBXFileReference; lastKnownFileType = sourcecode.swift; path = CPVModel_Tests.swift; sourceTree = "<group>"; };
		3311A54F2902E26900B14B5F /* TelephoneCaller.swift */ = {isa = PBXFileReference; lastKnownFileType = sourcecode.swift; path = TelephoneCaller.swift; sourceTree = "<group>"; };
		334FEBF42902ED070041F30A /* CFContacts.swift */ = {isa = PBXFileReference; lastKnownFileType = sourcecode.swift; path = CFContacts.swift; sourceTree = "<group>"; };
		3384BF6F2903B6A300BEBD9D /* CFViewModel-CPVExtenstion.swift */ = {isa = PBXFileReference; lastKnownFileType = sourcecode.swift; path = "CFViewModel-CPVExtenstion.swift"; sourceTree = "<group>"; };
		3384BF712903C5FC00BEBD9D /* CFViewModel-SettingsExtension.swift */ = {isa = PBXFileReference; lastKnownFileType = sourcecode.swift; path = "CFViewModel-SettingsExtension.swift"; sourceTree = "<group>"; };
		3384BF732903C66200BEBD9D /* CFViewModel-ModelExtension.swift */ = {isa = PBXFileReference; lastKnownFileType = sourcecode.swift; path = "CFViewModel-ModelExtension.swift"; sourceTree = "<group>"; };
		3384BF792903EC6600BEBD9D /* TestData-HundredReleasesExtension.swift */ = {isa = PBXFileReference; fileEncoding = 4; lastKnownFileType = sourcecode.swift; path = "TestData-HundredReleasesExtension.swift"; sourceTree = "<group>"; };
		3384BF7B29041ED000BEBD9D /* HundredReleaseTitles.md */ = {isa = PBXFileReference; lastKnownFileType = net.daringfireball.markdown; path = HundredReleaseTitles.md; sourceTree = "<group>"; };
		3384BF7C29041FDB00BEBD9D /* FiveReleasesTitles.md */ = {isa = PBXFileReference; lastKnownFileType = net.daringfireball.markdown; path = FiveReleasesTitles.md; sourceTree = "<group>"; };
		3384BF7D290429B700BEBD9D /* CFModel-SearchOptions.swift */ = {isa = PBXFileReference; lastKnownFileType = sourcecode.swift; path = "CFModel-SearchOptions.swift"; sourceTree = "<group>"; };
		3384BF7F290429EE00BEBD9D /* CFModel-Stage.swift */ = {isa = PBXFileReference; lastKnownFileType = sourcecode.swift; path = "CFModel-Stage.swift"; sourceTree = "<group>"; };
		3384BF81290430A300BEBD9D /* Date-Extension.swift */ = {isa = PBXFileReference; lastKnownFileType = sourcecode.swift; path = "Date-Extension.swift"; sourceTree = "<group>"; };
		3384BF8529044B4200BEBD9D /* CFReleaseFormatter.swift */ = {isa = PBXFileReference; lastKnownFileType = sourcecode.swift; path = CFReleaseFormatter.swift; sourceTree = "<group>"; };
		3384BF882904F9AB00BEBD9D /* CFContacts_Tests.swift */ = {isa = PBXFileReference; lastKnownFileType = sourcecode.swift; path = CFContacts_Tests.swift; sourceTree = "<group>"; };
		3384BF8A290500AA00BEBD9D /* StatusModifier_Tests.swift */ = {isa = PBXFileReference; lastKnownFileType = sourcecode.swift; path = StatusModifier_Tests.swift; sourceTree = "<group>"; };
		3384BF8C2905040600BEBD9D /* Date-Extensions_Tests.swift */ = {isa = PBXFileReference; lastKnownFileType = sourcecode.swift; path = "Date-Extensions_Tests.swift"; sourceTree = "<group>"; };
		33B4278228FF27CC00B2165F /* UKContracts.app */ = {isa = PBXFileReference; explicitFileType = wrapper.application; includeInIndex = 0; path = UKContracts.app; sourceTree = BUILT_PRODUCTS_DIR; };
		33B4278528FF27CC00B2165F /* UKContractsApp.swift */ = {isa = PBXFileReference; lastKnownFileType = sourcecode.swift; path = UKContractsApp.swift; sourceTree = "<group>"; };
		33B4278728FF27CC00B2165F /* ContentView.swift */ = {isa = PBXFileReference; lastKnownFileType = sourcecode.swift; path = ContentView.swift; sourceTree = "<group>"; };
		33B4278928FF27CD00B2165F /* Assets.xcassets */ = {isa = PBXFileReference; lastKnownFileType = folder.assetcatalog; path = Assets.xcassets; sourceTree = "<group>"; };
		33B4278C28FF27CD00B2165F /* Preview Assets.xcassets */ = {isa = PBXFileReference; lastKnownFileType = folder.assetcatalog; path = "Preview Assets.xcassets"; sourceTree = "<group>"; };
		33B4279228FF27CD00B2165F /* UKContractsTests.xctest */ = {isa = PBXFileReference; explicitFileType = wrapper.cfbundle; includeInIndex = 0; path = UKContractsTests.xctest; sourceTree = BUILT_PRODUCTS_DIR; };
		33B4279628FF27CD00B2165F /* UKContractsTests.swift */ = {isa = PBXFileReference; lastKnownFileType = sourcecode.swift; path = UKContractsTests.swift; sourceTree = "<group>"; };
		33B4279C28FF27CD00B2165F /* UKContractsUITests.xctest */ = {isa = PBXFileReference; explicitFileType = wrapper.cfbundle; includeInIndex = 0; path = UKContractsUITests.xctest; sourceTree = BUILT_PRODUCTS_DIR; };
		33B427A028FF27CD00B2165F /* UKContractsUITests.swift */ = {isa = PBXFileReference; lastKnownFileType = sourcecode.swift; path = UKContractsUITests.swift; sourceTree = "<group>"; };
		33B427A228FF27CD00B2165F /* UKContractsUITestsLaunchTests.swift */ = {isa = PBXFileReference; lastKnownFileType = sourcecode.swift; path = UKContractsUITestsLaunchTests.swift; sourceTree = "<group>"; };
		33B427B828FF285500B2165F /* CFSearch.swift */ = {isa = PBXFileReference; fileEncoding = 4; lastKnownFileType = sourcecode.swift; path = CFSearch.swift; sourceTree = "<group>"; };
		33B427BA28FF286400B2165F /* Constants.swift */ = {isa = PBXFileReference; fileEncoding = 4; lastKnownFileType = sourcecode.swift; path = Constants.swift; sourceTree = "<group>"; };
		33B427BC28FF28BA00B2165F /* CFViewModel.swift */ = {isa = PBXFileReference; lastKnownFileType = sourcecode.swift; path = CFViewModel.swift; sourceTree = "<group>"; };
		33B427BE28FF28D300B2165F /* CFModel.swift */ = {isa = PBXFileReference; lastKnownFileType = sourcecode.swift; path = CFModel.swift; sourceTree = "<group>"; };
		33B427C028FF292700B2165F /* URLSession-Extension.swift */ = {isa = PBXFileReference; fileEncoding = 4; lastKnownFileType = sourcecode.swift; path = "URLSession-Extension.swift"; sourceTree = "<group>"; };
		33B427C428FF2AA800B2165F /* CFSearch-Extension.swift */ = {isa = PBXFileReference; lastKnownFileType = sourcecode.swift; path = "CFSearch-Extension.swift"; sourceTree = "<group>"; };
		33B427C628FF2C9200B2165F /* CFModel_Tests.swift */ = {isa = PBXFileReference; lastKnownFileType = sourcecode.swift; path = CFModel_Tests.swift; sourceTree = "<group>"; };
		33B427C828FFB86100B2165F /* DummyDataLoader.swift */ = {isa = PBXFileReference; lastKnownFileType = sourcecode.swift; path = DummyDataLoader.swift; sourceTree = "<group>"; };
		33B427CA28FFBFBA00B2165F /* TestData.swift */ = {isa = PBXFileReference; lastKnownFileType = sourcecode.swift; path = TestData.swift; sourceTree = "<group>"; };
		33B427CC28FFC30900B2165F /* CFViewModel_Tests.swift */ = {isa = PBXFileReference; lastKnownFileType = sourcecode.swift; path = CFViewModel_Tests.swift; sourceTree = "<group>"; };
		33B427CE28FFC7A700B2165F /* EquatableError.swift */ = {isa = PBXFileReference; lastKnownFileType = sourcecode.swift; path = EquatableError.swift; sourceTree = "<group>"; };
		33B427DB28FFDDE200B2165F /* GradientsView.swift */ = {isa = PBXFileReference; lastKnownFileType = sourcecode.swift; path = GradientsView.swift; sourceTree = "<group>"; };
		33B427DD28FFDE1C00B2165F /* SettingsView.swift */ = {isa = PBXFileReference; lastKnownFileType = sourcecode.swift; path = SettingsView.swift; sourceTree = "<group>"; };
		33B427E028FFDE5A00B2165F /* SettingsModel.swift */ = {isa = PBXFileReference; lastKnownFileType = sourcecode.swift; path = SettingsModel.swift; sourceTree = "<group>"; };
		33B427E228FFDE7000B2165F /* Storage.swift */ = {isa = PBXFileReference; lastKnownFileType = sourcecode.swift; path = Storage.swift; sourceTree = "<group>"; };
		33B427E428FFDEA700B2165F /* CPV.swift */ = {isa = PBXFileReference; lastKnownFileType = sourcecode.swift; path = CPV.swift; sourceTree = "<group>"; };
		33B427E628FFDEC700B2165F /* CPVLoader.swift */ = {isa = PBXFileReference; lastKnownFileType = sourcecode.swift; path = CPVLoader.swift; sourceTree = "<group>"; };
		33B427E828FFDEE800B2165F /* CPVModel.swift */ = {isa = PBXFileReference; lastKnownFileType = sourcecode.swift; path = CPVModel.swift; sourceTree = "<group>"; };
		33B427EB28FFE13700B2165F /* CPVCheckView.swift */ = {isa = PBXFileReference; lastKnownFileType = sourcecode.swift; path = CPVCheckView.swift; sourceTree = "<group>"; };
		33B427ED28FFE15200B2165F /* CPVListView.swift */ = {isa = PBXFileReference; lastKnownFileType = sourcecode.swift; path = CPVListView.swift; sourceTree = "<group>"; };
		33B427EF28FFE16D00B2165F /* HierarchyList.swift */ = {isa = PBXFileReference; lastKnownFileType = sourcecode.swift; path = HierarchyList.swift; sourceTree = "<group>"; };
		33B427F128FFE1D500B2165F /* Debouncer.swift */ = {isa = PBXFileReference; lastKnownFileType = sourcecode.swift; path = Debouncer.swift; sourceTree = "<group>"; };
		33B427F328FFE5B200B2165F /* CpvCodes.csv */ = {isa = PBXFileReference; fileEncoding = 4; lastKnownFileType = text; path = CpvCodes.csv; sourceTree = "<group>"; };
		33B4280229005E0E00B2165F /* CFReleaseView.swift */ = {isa = PBXFileReference; lastKnownFileType = sourcecode.swift; path = CFReleaseView.swift; sourceTree = "<group>"; };
		33B4280429005E3E00B2165F /* CFDocumentView.swift */ = {isa = PBXFileReference; lastKnownFileType = sourcecode.swift; path = CFDocumentView.swift; sourceTree = "<group>"; };
		33B4280629005E5200B2165F /* CFTenderView.swift */ = {isa = PBXFileReference; lastKnownFileType = sourcecode.swift; path = CFTenderView.swift; sourceTree = "<group>"; };
/* End PBXFileReference section */

/* Begin PBXFrameworksBuildPhase section */
		33B4277F28FF27CC00B2165F /* Frameworks */ = {
			isa = PBXFrameworksBuildPhase;
			buildActionMask = 2147483647;
			files = (
			);
			runOnlyForDeploymentPostprocessing = 0;
		};
		33B4278F28FF27CD00B2165F /* Frameworks */ = {
			isa = PBXFrameworksBuildPhase;
			buildActionMask = 2147483647;
			files = (
			);
			runOnlyForDeploymentPostprocessing = 0;
		};
		33B4279928FF27CD00B2165F /* Frameworks */ = {
			isa = PBXFrameworksBuildPhase;
			buildActionMask = 2147483647;
			files = (
			);
			runOnlyForDeploymentPostprocessing = 0;
		};
/* End PBXFrameworksBuildPhase section */

/* Begin PBXGroup section */
		3311A4BE2901297A00B14B5F /* CFSearch-Components */ = {
			isa = PBXGroup;
			children = (
				3311A4DA29014CED00B14B5F /* Address.swift */,
				3311A4C929013A7300B14B5F /* Award.swift */,
				3311A4D629014C6800B14B5F /* Budget.swift */,
				3311A4EA29014D9E00B14B5F /* Buyer.swift */,
				3311A4D829014CA200B14B5F /* Classification.swift */,
				3311A4DE29014D2F00B14B5F /* Communication.swift */,
				3311A4E629014D7600B14B5F /* ContactPoint.swift */,
				3311A4C329012DFE00B14B5F /* DeliveryAddress.swift */,
				3311A4E429014D6300B14B5F /* Details.swift */,
				3311A4C5290130D500B14B5F /* Document.swift */,
				3311A4E229014D5500B14B5F /* Identifier.swift */,
				3311A4C129012DD500B14B5F /* Item.swift */,
				3311A4EC29014DAF00B14B5F /* Links.swift */,
				3311A4E829014D9200B14B5F /* MinValue.swift */,
				3311A4D429014C4F00B14B5F /* Party.swift */,
				3311A4CB29013AA100B14B5F /* Period.swift */,
				3311A4E029014D3E00B14B5F /* Planning.swift */,
				3311A4D229014C3900B14B5F /* Publisher.swift */,
				3311A4C729013A5A00B14B5F /* Release.swift */,
				3311A4DC29014D1900B14B5F /* Suitability.swift */,
				3311A4BC2901294000B14B5F /* Tender.swift */,
			);
			path = "CFSearch-Components";
			sourceTree = "<group>";
		};
		3311A4F82901EF1C00B14B5F /* CFSearch */ = {
			isa = PBXGroup;
			children = (
				3311A4BE2901297A00B14B5F /* CFSearch-Components */,
				33B427C428FF2AA800B2165F /* CFSearch-Extension.swift */,
				33B427B828FF285500B2165F /* CFSearch.swift */,
			);
			path = CFSearch;
			sourceTree = "<group>";
		};
		3311A525290271C200B14B5F /* CFSearch_Components_Tests */ = {
			isa = PBXGroup;
			children = (
				3311A4FD29020BA900B14B5F /* Address_Tests.swift */,
				3311A50129020BA900B14B5F /* Award_Tests.swift */,
				3311A4FB29020BA900B14B5F /* Budget_Tests.swift */,
				3311A50029020BA900B14B5F /* Buyer_Tests.swift */,
				3311A4F929020BA900B14B5F /* CFSearchTestData.swift */,
				3311A4FA29020BA900B14B5F /* Classification_Tests.swift */,
				3311A50929020BAA00B14B5F /* Communication_Tests.swift */,
				3311A50E29020BAA00B14B5F /* ContactPoint_Tests.swift */,
				3311A50629020BAA00B14B5F /* DeliveryAddress_Tests.swift */,
				3311A50C29020BAA00B14B5F /* Details_Tests.swift */,
				3311A4FC29020BA900B14B5F /* Document_Tests.swift */,
				3311A50229020BAA00B14B5F /* Identifier_Tests.swift */,
				3311A4FE29020BA900B14B5F /* Item_Tests.swift */,
				3311A4FF29020BA900B14B5F /* Links_Tests.swift */,
				3311A50429020BAA00B14B5F /* MinValue_Tests.swift */,
				3311A50529020BAA00B14B5F /* Party_Tests.swift */,
				3311A50D29020BAA00B14B5F /* Period_Tests.swift */,
				3311A50329020BAA00B14B5F /* Planning_Tests.swift */,
				3311A50729020BAA00B14B5F /* Publisher_Tests.swift */,
				3311A50829020BAA00B14B5F /* Release_Tests.swift */,
				3311A50A29020BAA00B14B5F /* Suitability_Tests.swift */,
				3311A50B29020BAA00B14B5F /* Tender_Tests.swift */,
				33B427CC28FFC30900B2165F /* CFViewModel_Tests.swift */,
				3311A4B82900668800B14B5F /* CFDocument_Tests.swift */,
				33B427C828FFB86100B2165F /* DummyDataLoader.swift */,
				33B4279628FF27CD00B2165F /* UKContractsTests.swift */,
			);
			path = CFSearch_Components_Tests;
			sourceTree = "<group>";
		};
		3311A526290271E600B14B5F /* TestHelpers */ = {
			isa = PBXGroup;
			children = (
				3311A527290271FC00B14B5F /* TestHelpers.swift */,
			);
			path = TestHelpers;
			sourceTree = "<group>";
		};
		3311A52C2902A9DF00B14B5F /* CPV_Tests */ = {
			isa = PBXGroup;
			children = (
				3311A52D2902AA0E00B14B5F /* CPV_Tests.swift */,
				3311A52F2902AA2400B14B5F /* CPVLoader_Tests.swift */,
				3311A5312902AA3A00B14B5F /* CPVModel_Tests.swift */,
			);
			path = CPV_Tests;
			sourceTree = "<group>";
		};
		3384BF752903E7EB00BEBD9D /* CFModel_Tests */ = {
			isa = PBXGroup;
			children = (
				33B427C628FF2C9200B2165F /* CFModel_Tests.swift */,
			);
			path = CFModel_Tests;
			sourceTree = "<group>";
		};
		3384BF782903EC3B00BEBD9D /* TestData */ = {
			isa = PBXGroup;
			children = (
				3384BF792903EC6600BEBD9D /* TestData-HundredReleasesExtension.swift */,
				33B427CA28FFBFBA00B2165F /* TestData.swift */,
				3384BF7B29041ED000BEBD9D /* HundredReleaseTitles.md */,
				3384BF7C29041FDB00BEBD9D /* FiveReleasesTitles.md */,
			);
			path = TestData;
			sourceTree = "<group>";
		};
		3384BF872904F97E00BEBD9D /* CFHelpers_Tests */ = {
			isa = PBXGroup;
			children = (
				3384BF882904F9AB00BEBD9D /* CFContacts_Tests.swift */,
				3384BF8C2905040600BEBD9D /* Date-Extensions_Tests.swift */,
				3384BF8A290500AA00BEBD9D /* StatusModifier_Tests.swift */,
			);
			path = CFHelpers_Tests;
			sourceTree = "<group>";
		};
		33B4277928FF27CC00B2165F = {
			isa = PBXGroup;
			children = (
				33B4278428FF27CC00B2165F /* UKContracts */,
				33B4279528FF27CD00B2165F /* UKContractsTests */,
				33B4279F28FF27CD00B2165F /* UKContractsUITests */,
				33B4278328FF27CC00B2165F /* Products */,
			);
			sourceTree = "<group>";
		};
		33B4278328FF27CC00B2165F /* Products */ = {
			isa = PBXGroup;
			children = (
				33B4278228FF27CC00B2165F /* UKContracts.app */,
				33B4279228FF27CD00B2165F /* UKContractsTests.xctest */,
				33B4279C28FF27CD00B2165F /* UKContractsUITests.xctest */,
			);
			name = Products;
			sourceTree = "<group>";
		};
		33B4278428FF27CC00B2165F /* UKContracts */ = {
			isa = PBXGroup;
			children = (
				33B427B128FF27ED00B2165F /* AppSources */,
				33B427B428FF281700B2165F /* CFHelpers */,
				33B4278B28FF27CD00B2165F /* Preview Content */,
				33B427B528FF281E00B2165F /* Resources */,
			);
			path = UKContracts;
			sourceTree = "<group>";
		};
		33B4278B28FF27CD00B2165F /* Preview Content */ = {
			isa = PBXGroup;
			children = (
				33B4278C28FF27CD00B2165F /* Preview Assets.xcassets */,
			);
			path = "Preview Content";
			sourceTree = "<group>";
		};
		33B4279528FF27CD00B2165F /* UKContractsTests */ = {
			isa = PBXGroup;
			children = (
				3384BF872904F97E00BEBD9D /* CFHelpers_Tests */,
				3384BF782903EC3B00BEBD9D /* TestData */,
				3384BF752903E7EB00BEBD9D /* CFModel_Tests */,
				3311A52C2902A9DF00B14B5F /* CPV_Tests */,
				3311A526290271E600B14B5F /* TestHelpers */,
				3311A525290271C200B14B5F /* CFSearch_Components_Tests */,
			);
			path = UKContractsTests;
			sourceTree = "<group>";
		};
		33B4279F28FF27CD00B2165F /* UKContractsUITests */ = {
			isa = PBXGroup;
			children = (
				33B427A028FF27CD00B2165F /* UKContractsUITests.swift */,
				33B427A228FF27CD00B2165F /* UKContractsUITestsLaunchTests.swift */,
			);
			path = UKContractsUITests;
			sourceTree = "<group>";
		};
		33B427AF28FF27DD00B2165F /* Main */ = {
			isa = PBXGroup;
			children = (
				33B4278528FF27CC00B2165F /* UKContractsApp.swift */,
			);
			path = Main;
			sourceTree = "<group>";
		};
		33B427B028FF27E400B2165F /* Views */ = {
			isa = PBXGroup;
			children = (
				33B427FD29005D2800B2165F /* CFViews */,
				33B4278728FF27CC00B2165F /* ContentView.swift */,
				33B427EA28FFE11C00B2165F /* CPV Views */,
				33B427DB28FFDDE200B2165F /* GradientsView.swift */,
				33B427DD28FFDE1C00B2165F /* SettingsView.swift */,
			);
			path = Views;
			sourceTree = "<group>";
		};
		33B427B128FF27ED00B2165F /* AppSources */ = {
			isa = PBXGroup;
			children = (
				33B427AF28FF27DD00B2165F /* Main */,
				33B427B228FF280000B2165F /* Model */,
				33B427B328FF280500B2165F /* ViewModel */,
				33B427B028FF27E400B2165F /* Views */,
			);
			path = AppSources;
			sourceTree = "<group>";
		};
		33B427B228FF280000B2165F /* Model */ = {
			isa = PBXGroup;
			children = (
				33B427B628FF283400B2165F /* Contracts */,
				33B427B728FF283D00B2165F /* CPV */,
				33B427DF28FFDE4000B2165F /* Settings */,
			);
			path = Model;
			sourceTree = "<group>";
		};
		33B427B328FF280500B2165F /* ViewModel */ = {
			isa = PBXGroup;
			children = (
				33B427BC28FF28BA00B2165F /* CFViewModel.swift */,
				3384BF6F2903B6A300BEBD9D /* CFViewModel-CPVExtenstion.swift */,
				3384BF712903C5FC00BEBD9D /* CFViewModel-SettingsExtension.swift */,
				3384BF732903C66200BEBD9D /* CFViewModel-ModelExtension.swift */,
			);
			path = ViewModel;
			sourceTree = "<group>";
		};
		33B427B428FF281700B2165F /* CFHelpers */ = {
			isa = PBXGroup;
			children = (
				334FEBF42902ED070041F30A /* CFContacts.swift */,
				3311A4EE2901733F00B14B5F /* CFModifiers.swift */,
				3384BF8529044B4200BEBD9D /* CFReleaseFormatter.swift */,
				3311A4CF290143DE00B14B5F /* CFSearchTestData.swift */,
				33B427BA28FF286400B2165F /* Constants.swift */,
				3311A4F42901C28D00B14B5F /* DashedLine.swift */,
				3384BF81290430A300BEBD9D /* Date-Extension.swift */,
				33B427F128FFE1D500B2165F /* Debouncer.swift */,
				33B427CE28FFC7A700B2165F /* EquatableError.swift */,
				3311A4BF290129F600B14B5F /* String-Extensions.swift */,
				3311A54F2902E26900B14B5F /* TelephoneCaller.swift */,
				33B427C028FF292700B2165F /* URLSession-Extension.swift */,
			);
			path = CFHelpers;
			sourceTree = "<group>";
		};
		33B427B528FF281E00B2165F /* Resources */ = {
			isa = PBXGroup;
			children = (
				33B4278928FF27CD00B2165F /* Assets.xcassets */,
				33B427F328FFE5B200B2165F /* CpvCodes.csv */,
			);
			path = Resources;
			sourceTree = "<group>";
		};
		33B427B628FF283400B2165F /* Contracts */ = {
			isa = PBXGroup;
			children = (
				33B427BE28FF28D300B2165F /* CFModel.swift */,
				3311A4F82901EF1C00B14B5F /* CFSearch */,
				3384BF7D290429B700BEBD9D /* CFModel-SearchOptions.swift */,
				3384BF7F290429EE00BEBD9D /* CFModel-Stage.swift */,
			);
			path = Contracts;
			sourceTree = "<group>";
		};
		33B427B728FF283D00B2165F /* CPV */ = {
			isa = PBXGroup;
			children = (
				33B427E428FFDEA700B2165F /* CPV.swift */,
				33B427E628FFDEC700B2165F /* CPVLoader.swift */,
				33B427E828FFDEE800B2165F /* CPVModel.swift */,
			);
			path = CPV;
			sourceTree = "<group>";
		};
		33B427DF28FFDE4000B2165F /* Settings */ = {
			isa = PBXGroup;
			children = (
				33B427E028FFDE5A00B2165F /* SettingsModel.swift */,
				33B427E228FFDE7000B2165F /* Storage.swift */,
			);
			path = Settings;
			sourceTree = "<group>";
		};
		33B427EA28FFE11C00B2165F /* CPV Views */ = {
			isa = PBXGroup;
			children = (
				33B427EB28FFE13700B2165F /* CPVCheckView.swift */,
				33B427ED28FFE15200B2165F /* CPVListView.swift */,
				33B427EF28FFE16D00B2165F /* HierarchyList.swift */,
			);
			path = "CPV Views";
			sourceTree = "<group>";
		};
		33B427FD29005D2800B2165F /* CFViews */ = {
			isa = PBXGroup;
			children = (
				3311A4F2290195C300B14B5F /* CFAwardsView.swift */,
				33B4280429005E3E00B2165F /* CFDocumentView.swift */,
				3311A4F62901EA4800B14B5F /* CFMailView.swift */,
				3311A4F0290182CC00B14B5F /* CFPartyView.swift */,
				33B4280229005E0E00B2165F /* CFReleaseView.swift */,
				33B4280629005E5200B2165F /* CFTenderView.swift */,
				3311A4BA29011AE000B14B5F /* CFClassifacationView.swift */,
			);
			path = CFViews;
			sourceTree = "<group>";
		};
/* End PBXGroup section */

/* Begin PBXNativeTarget section */
		33B4278128FF27CC00B2165F /* UKContracts */ = {
			isa = PBXNativeTarget;
			buildConfigurationList = 33B427A628FF27CD00B2165F /* Build configuration list for PBXNativeTarget "UKContracts" */;
			buildPhases = (
				33B4277E28FF27CC00B2165F /* Sources */,
				33B4277F28FF27CC00B2165F /* Frameworks */,
				33B4278028FF27CC00B2165F /* Resources */,
			);
			buildRules = (
			);
			dependencies = (
			);
			name = UKContracts;
			productName = UKContracts;
			productReference = 33B4278228FF27CC00B2165F /* UKContracts.app */;
			productType = "com.apple.product-type.application";
		};
		33B4279128FF27CD00B2165F /* UKContractsTests */ = {
			isa = PBXNativeTarget;
			buildConfigurationList = 33B427A928FF27CD00B2165F /* Build configuration list for PBXNativeTarget "UKContractsTests" */;
			buildPhases = (
				33B4278E28FF27CD00B2165F /* Sources */,
				33B4278F28FF27CD00B2165F /* Frameworks */,
				33B4279028FF27CD00B2165F /* Resources */,
			);
			buildRules = (
			);
			dependencies = (
				33B4279428FF27CD00B2165F /* PBXTargetDependency */,
			);
			name = UKContractsTests;
			productName = UKContractsTests;
			productReference = 33B4279228FF27CD00B2165F /* UKContractsTests.xctest */;
			productType = "com.apple.product-type.bundle.unit-test";
		};
		33B4279B28FF27CD00B2165F /* UKContractsUITests */ = {
			isa = PBXNativeTarget;
			buildConfigurationList = 33B427AC28FF27CD00B2165F /* Build configuration list for PBXNativeTarget "UKContractsUITests" */;
			buildPhases = (
				33B4279828FF27CD00B2165F /* Sources */,
				33B4279928FF27CD00B2165F /* Frameworks */,
				33B4279A28FF27CD00B2165F /* Resources */,
			);
			buildRules = (
			);
			dependencies = (
				33B4279E28FF27CD00B2165F /* PBXTargetDependency */,
			);
			name = UKContractsUITests;
			productName = UKContractsUITests;
			productReference = 33B4279C28FF27CD00B2165F /* UKContractsUITests.xctest */;
			productType = "com.apple.product-type.bundle.ui-testing";
		};
/* End PBXNativeTarget section */

/* Begin PBXProject section */
		33B4277A28FF27CC00B2165F /* Project object */ = {
			isa = PBXProject;
			attributes = {
				BuildIndependentTargetsInParallel = 1;
				LastSwiftUpdateCheck = 1400;
				LastUpgradeCheck = 1400;
				TargetAttributes = {
					33B4278128FF27CC00B2165F = {
						CreatedOnToolsVersion = 14.0.1;
					};
					33B4279128FF27CD00B2165F = {
						CreatedOnToolsVersion = 14.0.1;
						TestTargetID = 33B4278128FF27CC00B2165F;
					};
					33B4279B28FF27CD00B2165F = {
						CreatedOnToolsVersion = 14.0.1;
						TestTargetID = 33B4278128FF27CC00B2165F;
					};
				};
			};
			buildConfigurationList = 33B4277D28FF27CC00B2165F /* Build configuration list for PBXProject "UKContracts" */;
			compatibilityVersion = "Xcode 14.0";
			developmentRegion = en;
			hasScannedForEncodings = 0;
			knownRegions = (
				en,
				Base,
			);
			mainGroup = 33B4277928FF27CC00B2165F;
			productRefGroup = 33B4278328FF27CC00B2165F /* Products */;
			projectDirPath = "";
			projectRoot = "";
			targets = (
				33B4278128FF27CC00B2165F /* UKContracts */,
				33B4279128FF27CD00B2165F /* UKContractsTests */,
				33B4279B28FF27CD00B2165F /* UKContractsUITests */,
			);
		};
/* End PBXProject section */

/* Begin PBXResourcesBuildPhase section */
		33B4278028FF27CC00B2165F /* Resources */ = {
			isa = PBXResourcesBuildPhase;
			buildActionMask = 2147483647;
			files = (
				33B4278D28FF27CD00B2165F /* Preview Assets.xcassets in Resources */,
				33B427F428FFE5B200B2165F /* CpvCodes.csv in Resources */,
				33B4278A28FF27CD00B2165F /* Assets.xcassets in Resources */,
			);
			runOnlyForDeploymentPostprocessing = 0;
		};
		33B4279028FF27CD00B2165F /* Resources */ = {
			isa = PBXResourcesBuildPhase;
			buildActionMask = 2147483647;
			files = (
			);
			runOnlyForDeploymentPostprocessing = 0;
		};
		33B4279A28FF27CD00B2165F /* Resources */ = {
			isa = PBXResourcesBuildPhase;
			buildActionMask = 2147483647;
			files = (
			);
			runOnlyForDeploymentPostprocessing = 0;
		};
/* End PBXResourcesBuildPhase section */

/* Begin PBXSourcesBuildPhase section */
		33B4277E28FF27CC00B2165F /* Sources */ = {
			isa = PBXSourcesBuildPhase;
			buildActionMask = 2147483647;
			files = (
				33B427DC28FFDDE200B2165F /* GradientsView.swift in Sources */,
				3384BF7E290429B700BEBD9D /* CFModel-SearchOptions.swift in Sources */,
				3311A5502902E26900B14B5F /* TelephoneCaller.swift in Sources */,
				3311A4E329014D5500B14B5F /* Identifier.swift in Sources */,
				3311A4EF2901733F00B14B5F /* CFModifiers.swift in Sources */,
				3311A4CC29013AA100B14B5F /* Period.swift in Sources */,
				33B427F028FFE16D00B2165F /* HierarchyList.swift in Sources */,
				33B427F228FFE1D500B2165F /* Debouncer.swift in Sources */,
				3311A4D729014C6800B14B5F /* Budget.swift in Sources */,
				3311A4E529014D6300B14B5F /* Details.swift in Sources */,
				3311A4ED29014DAF00B14B5F /* Links.swift in Sources */,
				33B427EC28FFE13700B2165F /* CPVCheckView.swift in Sources */,
				3311A4E129014D3E00B14B5F /* Planning.swift in Sources */,
				3311A4C229012DD500B14B5F /* Item.swift in Sources */,
				3311A4DF29014D2F00B14B5F /* Communication.swift in Sources */,
				33B427E328FFDE7000B2165F /* Storage.swift in Sources */,
				33B4280329005E0E00B2165F /* CFReleaseView.swift in Sources */,
				33B427E528FFDEA700B2165F /* CPV.swift in Sources */,
				3311A4C429012DFE00B14B5F /* DeliveryAddress.swift in Sources */,
				3311A4D529014C4F00B14B5F /* Party.swift in Sources */,
				33B427BF28FF28D300B2165F /* CFModel.swift in Sources */,
				3384BF80290429EE00BEBD9D /* CFModel-Stage.swift in Sources */,
				33B4278828FF27CC00B2165F /* ContentView.swift in Sources */,
				3311A4F1290182CC00B14B5F /* CFPartyView.swift in Sources */,
				3384BF702903B6A300BEBD9D /* CFViewModel-CPVExtenstion.swift in Sources */,
				33B4278628FF27CC00B2165F /* UKContractsApp.swift in Sources */,
				3311A4DD29014D1900B14B5F /* Suitability.swift in Sources */,
				3311A4DB29014CED00B14B5F /* Address.swift in Sources */,
				33B427C128FF292700B2165F /* URLSession-Extension.swift in Sources */,
				33B427B928FF285500B2165F /* CFSearch.swift in Sources */,
				3311A4C6290130D500B14B5F /* Document.swift in Sources */,
				3311A4EB29014D9E00B14B5F /* Buyer.swift in Sources */,
				33B427C528FF2AA800B2165F /* CFSearch-Extension.swift in Sources */,
				3311A4D929014CA200B14B5F /* Classification.swift in Sources */,
				3311A4F3290195C300B14B5F /* CFAwardsView.swift in Sources */,
				334FEBF52902ED070041F30A /* CFContacts.swift in Sources */,
				3311A4F72901EA4800B14B5F /* CFMailView.swift in Sources */,
				33B427E728FFDEC700B2165F /* CPVLoader.swift in Sources */,
				3384BF742903C66200BEBD9D /* CFViewModel-ModelExtension.swift in Sources */,
				3384BF722903C5FC00BEBD9D /* CFViewModel-SettingsExtension.swift in Sources */,
				3311A4F52901C28D00B14B5F /* DashedLine.swift in Sources */,
				3311A4E729014D7600B14B5F /* ContactPoint.swift in Sources */,
				33B427E928FFDEE800B2165F /* CPVModel.swift in Sources */,
				33B427BB28FF286400B2165F /* Constants.swift in Sources */,
				3384BF82290430A300BEBD9D /* Date-Extension.swift in Sources */,
				33B427DE28FFDE1C00B2165F /* SettingsView.swift in Sources */,
				3311A4CA29013A7300B14B5F /* Award.swift in Sources */,
				3311A4C829013A5A00B14B5F /* Release.swift in Sources */,
				33B427BD28FF28BA00B2165F /* CFViewModel.swift in Sources */,
				3384BF8629044B4200BEBD9D /* CFReleaseFormatter.swift in Sources */,
				3311A4BD2901294000B14B5F /* Tender.swift in Sources */,
				33B4280529005E3E00B2165F /* CFDocumentView.swift in Sources */,
				3311A4C0290129F600B14B5F /* String-Extensions.swift in Sources */,
				3311A4BB29011AE000B14B5F /* CFClassifacationView.swift in Sources */,
				33B427CF28FFC7A700B2165F /* EquatableError.swift in Sources */,
				3311A4E929014D9200B14B5F /* MinValue.swift in Sources */,
				3311A4D12901445B00B14B5F /* CFSearchTestData.swift in Sources */,
				33B427EE28FFE15200B2165F /* CPVListView.swift in Sources */,
				33B427E128FFDE5A00B2165F /* SettingsModel.swift in Sources */,
				33B4280729005E5200B2165F /* CFTenderView.swift in Sources */,
				3311A4D329014C3900B14B5F /* Publisher.swift in Sources */,
			);
			runOnlyForDeploymentPostprocessing = 0;
		};
		33B4278E28FF27CD00B2165F /* Sources */ = {
			isa = PBXSourcesBuildPhase;
			buildActionMask = 2147483647;
			files = (
				3311A51D29020BAB00B14B5F /* Publisher_Tests.swift in Sources */,
				33B427C728FF2C9200B2165F /* CFModel_Tests.swift in Sources */,
				3311A528290271FC00B14B5F /* TestHelpers.swift in Sources */,
				3384BF892904F9AB00BEBD9D /* CFContacts_Tests.swift in Sources */,
				3311A51729020BAB00B14B5F /* Award_Tests.swift in Sources */,
				3311A51A29020BAB00B14B5F /* MinValue_Tests.swift in Sources */,
				3384BF8B290500AA00BEBD9D /* StatusModifier_Tests.swift in Sources */,
				3384BF8D2905040600BEBD9D /* Date-Extensions_Tests.swift in Sources */,
				3311A51F29020BAB00B14B5F /* Communication_Tests.swift in Sources */,
				33B427C928FFB86100B2165F /* DummyDataLoader.swift in Sources */,
				3311A51529020BAB00B14B5F /* Links_Tests.swift in Sources */,
				3311A51229020BAB00B14B5F /* Document_Tests.swift in Sources */,
				3311A51129020BAB00B14B5F /* Budget_Tests.swift in Sources */,
				3384BF7A2903EC6600BEBD9D /* TestData-HundredReleasesExtension.swift in Sources */,
				3311A51829020BAB00B14B5F /* Identifier_Tests.swift in Sources */,
				3311A52E2902AA0E00B14B5F /* CPV_Tests.swift in Sources */,
				3311A51929020BAB00B14B5F /* Planning_Tests.swift in Sources */,
				3311A51629020BAB00B14B5F /* Buyer_Tests.swift in Sources */,
				3311A51C29020BAB00B14B5F /* DeliveryAddress_Tests.swift in Sources */,
				3311A5302902AA2400B14B5F /* CPVLoader_Tests.swift in Sources */,
				3311A51429020BAB00B14B5F /* Item_Tests.swift in Sources */,
				3311A50F29020BAB00B14B5F /* CFSearchTestData.swift in Sources */,
				3311A52129020BAB00B14B5F /* Tender_Tests.swift in Sources */,
				3311A52029020BAB00B14B5F /* Suitability_Tests.swift in Sources */,
				3311A52329020BAB00B14B5F /* Period_Tests.swift in Sources */,
				3311A51029020BAB00B14B5F /* Classification_Tests.swift in Sources */,
				3311A51E29020BAB00B14B5F /* Release_Tests.swift in Sources */,
				3311A4B92900668800B14B5F /* CFDocument_Tests.swift in Sources */,
				33B427CD28FFC30900B2165F /* CFViewModel_Tests.swift in Sources */,
				33B4279728FF27CD00B2165F /* UKContractsTests.swift in Sources */,
				3311A52429020BAB00B14B5F /* ContactPoint_Tests.swift in Sources */,
				3311A5322902AA3A00B14B5F /* CPVModel_Tests.swift in Sources */,
				3311A51B29020BAB00B14B5F /* Party_Tests.swift in Sources */,
				33B427CB28FFBFBA00B2165F /* TestData.swift in Sources */,
				3311A52229020BAB00B14B5F /* Details_Tests.swift in Sources */,
				3311A51329020BAB00B14B5F /* Address_Tests.swift in Sources */,
			);
			runOnlyForDeploymentPostprocessing = 0;
		};
		33B4279828FF27CD00B2165F /* Sources */ = {
			isa = PBXSourcesBuildPhase;
			buildActionMask = 2147483647;
			files = (
				33B427A328FF27CD00B2165F /* UKContractsUITestsLaunchTests.swift in Sources */,
				33B427A128FF27CD00B2165F /* UKContractsUITests.swift in Sources */,
			);
			runOnlyForDeploymentPostprocessing = 0;
		};
/* End PBXSourcesBuildPhase section */

/* Begin PBXTargetDependency section */
		33B4279428FF27CD00B2165F /* PBXTargetDependency */ = {
			isa = PBXTargetDependency;
			target = 33B4278128FF27CC00B2165F /* UKContracts */;
			targetProxy = 33B4279328FF27CD00B2165F /* PBXContainerItemProxy */;
		};
		33B4279E28FF27CD00B2165F /* PBXTargetDependency */ = {
			isa = PBXTargetDependency;
			target = 33B4278128FF27CC00B2165F /* UKContracts */;
			targetProxy = 33B4279D28FF27CD00B2165F /* PBXContainerItemProxy */;
		};
/* End PBXTargetDependency section */

/* Begin XCBuildConfiguration section */
		33B427A428FF27CD00B2165F /* Debug */ = {
			isa = XCBuildConfiguration;
			buildSettings = {
				ALWAYS_SEARCH_USER_PATHS = NO;
				CLANG_ANALYZER_NONNULL = YES;
				CLANG_ANALYZER_NUMBER_OBJECT_CONVERSION = YES_AGGRESSIVE;
				CLANG_CXX_LANGUAGE_STANDARD = "gnu++20";
				CLANG_ENABLE_MODULES = YES;
				CLANG_ENABLE_OBJC_ARC = YES;
				CLANG_ENABLE_OBJC_WEAK = YES;
				CLANG_WARN_BLOCK_CAPTURE_AUTORELEASING = YES;
				CLANG_WARN_BOOL_CONVERSION = YES;
				CLANG_WARN_COMMA = YES;
				CLANG_WARN_CONSTANT_CONVERSION = YES;
				CLANG_WARN_DEPRECATED_OBJC_IMPLEMENTATIONS = YES;
				CLANG_WARN_DIRECT_OBJC_ISA_USAGE = YES_ERROR;
				CLANG_WARN_DOCUMENTATION_COMMENTS = YES;
				CLANG_WARN_EMPTY_BODY = YES;
				CLANG_WARN_ENUM_CONVERSION = YES;
				CLANG_WARN_INFINITE_RECURSION = YES;
				CLANG_WARN_INT_CONVERSION = YES;
				CLANG_WARN_NON_LITERAL_NULL_CONVERSION = YES;
				CLANG_WARN_OBJC_IMPLICIT_RETAIN_SELF = YES;
				CLANG_WARN_OBJC_LITERAL_CONVERSION = YES;
				CLANG_WARN_OBJC_ROOT_CLASS = YES_ERROR;
				CLANG_WARN_QUOTED_INCLUDE_IN_FRAMEWORK_HEADER = YES;
				CLANG_WARN_RANGE_LOOP_ANALYSIS = YES;
				CLANG_WARN_STRICT_PROTOTYPES = YES;
				CLANG_WARN_SUSPICIOUS_MOVE = YES;
				CLANG_WARN_UNGUARDED_AVAILABILITY = YES_AGGRESSIVE;
				CLANG_WARN_UNREACHABLE_CODE = YES;
				CLANG_WARN__DUPLICATE_METHOD_MATCH = YES;
				COPY_PHASE_STRIP = NO;
				DEBUG_INFORMATION_FORMAT = dwarf;
				ENABLE_STRICT_OBJC_MSGSEND = YES;
				ENABLE_TESTABILITY = YES;
				GCC_C_LANGUAGE_STANDARD = gnu11;
				GCC_DYNAMIC_NO_PIC = NO;
				GCC_NO_COMMON_BLOCKS = YES;
				GCC_OPTIMIZATION_LEVEL = 0;
				GCC_PREPROCESSOR_DEFINITIONS = (
					"DEBUG=1",
					"$(inherited)",
				);
				GCC_WARN_64_TO_32_BIT_CONVERSION = YES;
				GCC_WARN_ABOUT_RETURN_TYPE = YES_ERROR;
				GCC_WARN_UNDECLARED_SELECTOR = YES;
				GCC_WARN_UNINITIALIZED_AUTOS = YES_AGGRESSIVE;
				GCC_WARN_UNUSED_FUNCTION = YES;
				GCC_WARN_UNUSED_VARIABLE = YES;
				IPHONEOS_DEPLOYMENT_TARGET = 16.0;
				MTL_ENABLE_DEBUG_INFO = INCLUDE_SOURCE;
				MTL_FAST_MATH = YES;
				ONLY_ACTIVE_ARCH = YES;
				SDKROOT = iphoneos;
				SWIFT_ACTIVE_COMPILATION_CONDITIONS = DEBUG;
				SWIFT_OPTIMIZATION_LEVEL = "-Onone";
			};
			name = Debug;
		};
		33B427A528FF27CD00B2165F /* Release */ = {
			isa = XCBuildConfiguration;
			buildSettings = {
				ALWAYS_SEARCH_USER_PATHS = NO;
				CLANG_ANALYZER_NONNULL = YES;
				CLANG_ANALYZER_NUMBER_OBJECT_CONVERSION = YES_AGGRESSIVE;
				CLANG_CXX_LANGUAGE_STANDARD = "gnu++20";
				CLANG_ENABLE_MODULES = YES;
				CLANG_ENABLE_OBJC_ARC = YES;
				CLANG_ENABLE_OBJC_WEAK = YES;
				CLANG_WARN_BLOCK_CAPTURE_AUTORELEASING = YES;
				CLANG_WARN_BOOL_CONVERSION = YES;
				CLANG_WARN_COMMA = YES;
				CLANG_WARN_CONSTANT_CONVERSION = YES;
				CLANG_WARN_DEPRECATED_OBJC_IMPLEMENTATIONS = YES;
				CLANG_WARN_DIRECT_OBJC_ISA_USAGE = YES_ERROR;
				CLANG_WARN_DOCUMENTATION_COMMENTS = YES;
				CLANG_WARN_EMPTY_BODY = YES;
				CLANG_WARN_ENUM_CONVERSION = YES;
				CLANG_WARN_INFINITE_RECURSION = YES;
				CLANG_WARN_INT_CONVERSION = YES;
				CLANG_WARN_NON_LITERAL_NULL_CONVERSION = YES;
				CLANG_WARN_OBJC_IMPLICIT_RETAIN_SELF = YES;
				CLANG_WARN_OBJC_LITERAL_CONVERSION = YES;
				CLANG_WARN_OBJC_ROOT_CLASS = YES_ERROR;
				CLANG_WARN_QUOTED_INCLUDE_IN_FRAMEWORK_HEADER = YES;
				CLANG_WARN_RANGE_LOOP_ANALYSIS = YES;
				CLANG_WARN_STRICT_PROTOTYPES = YES;
				CLANG_WARN_SUSPICIOUS_MOVE = YES;
				CLANG_WARN_UNGUARDED_AVAILABILITY = YES_AGGRESSIVE;
				CLANG_WARN_UNREACHABLE_CODE = YES;
				CLANG_WARN__DUPLICATE_METHOD_MATCH = YES;
				COPY_PHASE_STRIP = NO;
				DEBUG_INFORMATION_FORMAT = "dwarf-with-dsym";
				ENABLE_NS_ASSERTIONS = NO;
				ENABLE_STRICT_OBJC_MSGSEND = YES;
				GCC_C_LANGUAGE_STANDARD = gnu11;
				GCC_NO_COMMON_BLOCKS = YES;
				GCC_WARN_64_TO_32_BIT_CONVERSION = YES;
				GCC_WARN_ABOUT_RETURN_TYPE = YES_ERROR;
				GCC_WARN_UNDECLARED_SELECTOR = YES;
				GCC_WARN_UNINITIALIZED_AUTOS = YES_AGGRESSIVE;
				GCC_WARN_UNUSED_FUNCTION = YES;
				GCC_WARN_UNUSED_VARIABLE = YES;
				IPHONEOS_DEPLOYMENT_TARGET = 16.0;
				MTL_ENABLE_DEBUG_INFO = NO;
				MTL_FAST_MATH = YES;
				SDKROOT = iphoneos;
				SWIFT_COMPILATION_MODE = wholemodule;
				SWIFT_OPTIMIZATION_LEVEL = "-O";
				VALIDATE_PRODUCT = YES;
			};
			name = Release;
		};
		33B427A728FF27CD00B2165F /* Debug */ = {
			isa = XCBuildConfiguration;
			buildSettings = {
				ASSETCATALOG_COMPILER_APPICON_NAME = AppIcon;
				ASSETCATALOG_COMPILER_GLOBAL_ACCENT_COLOR_NAME = AccentColor;
				CODE_SIGN_STYLE = Automatic;
				CURRENT_PROJECT_VERSION = 1;
				DEVELOPMENT_ASSET_PATHS = "\"UKContracts/Preview Content\"";
				DEVELOPMENT_TEAM = JV455MTU52;
				ENABLE_PREVIEWS = YES;
				GENERATE_INFOPLIST_FILE = YES;
				INFOPLIST_KEY_NSContactsUsageDescription = "Optionally allow the user to add buyer details to contacts";
				INFOPLIST_KEY_UIApplicationSceneManifest_Generation = YES;
				INFOPLIST_KEY_UIApplicationSupportsIndirectInputEvents = YES;
				INFOPLIST_KEY_UILaunchScreen_Generation = YES;
				INFOPLIST_KEY_UISupportedInterfaceOrientations_iPad = "UIInterfaceOrientationPortrait UIInterfaceOrientationPortraitUpsideDown UIInterfaceOrientationLandscapeLeft UIInterfaceOrientationLandscapeRight";
				INFOPLIST_KEY_UISupportedInterfaceOrientations_iPhone = "UIInterfaceOrientationPortrait UIInterfaceOrientationLandscapeLeft UIInterfaceOrientationLandscapeRight";
				IPHONEOS_DEPLOYMENT_TARGET = 16.0;
				LD_RUNPATH_SEARCH_PATHS = (
					"$(inherited)",
					"@executable_path/Frameworks",
				);
				MARKETING_VERSION = 1.0;
				PRODUCT_BUNDLE_IDENTIFIER = com.CalandraLark.UKContracts;
				PRODUCT_NAME = "$(TARGET_NAME)";
				SUPPORTED_PLATFORMS = "iphoneos iphonesimulator";
				SUPPORTS_MACCATALYST = NO;
				SUPPORTS_MAC_DESIGNED_FOR_IPHONE_IPAD = NO;
				SWIFT_EMIT_LOC_STRINGS = YES;
				SWIFT_VERSION = 5.0;
				TARGETED_DEVICE_FAMILY = 1;
			};
			name = Debug;
		};
		33B427A828FF27CD00B2165F /* Release */ = {
			isa = XCBuildConfiguration;
			buildSettings = {
				ASSETCATALOG_COMPILER_APPICON_NAME = AppIcon;
				ASSETCATALOG_COMPILER_GLOBAL_ACCENT_COLOR_NAME = AccentColor;
				CODE_SIGN_STYLE = Automatic;
				CURRENT_PROJECT_VERSION = 1;
				DEVELOPMENT_ASSET_PATHS = "\"UKContracts/Preview Content\"";
				DEVELOPMENT_TEAM = JV455MTU52;
				ENABLE_PREVIEWS = YES;
				GENERATE_INFOPLIST_FILE = YES;
				INFOPLIST_KEY_NSContactsUsageDescription = "Optionally allow the user to add buyer details to contacts";
				INFOPLIST_KEY_UIApplicationSceneManifest_Generation = YES;
				INFOPLIST_KEY_UIApplicationSupportsIndirectInputEvents = YES;
				INFOPLIST_KEY_UILaunchScreen_Generation = YES;
				INFOPLIST_KEY_UISupportedInterfaceOrientations_iPad = "UIInterfaceOrientationPortrait UIInterfaceOrientationPortraitUpsideDown UIInterfaceOrientationLandscapeLeft UIInterfaceOrientationLandscapeRight";
				INFOPLIST_KEY_UISupportedInterfaceOrientations_iPhone = "UIInterfaceOrientationPortrait UIInterfaceOrientationLandscapeLeft UIInterfaceOrientationLandscapeRight";
				IPHONEOS_DEPLOYMENT_TARGET = 16.0;
				LD_RUNPATH_SEARCH_PATHS = (
					"$(inherited)",
					"@executable_path/Frameworks",
				);
				MARKETING_VERSION = 1.0;
				PRODUCT_BUNDLE_IDENTIFIER = com.CalandraLark.UKContracts;
				PRODUCT_NAME = "$(TARGET_NAME)";
				SUPPORTED_PLATFORMS = "iphoneos iphonesimulator";
				SUPPORTS_MACCATALYST = NO;
				SUPPORTS_MAC_DESIGNED_FOR_IPHONE_IPAD = NO;
				SWIFT_EMIT_LOC_STRINGS = YES;
				SWIFT_VERSION = 5.0;
				TARGETED_DEVICE_FAMILY = 1;
			};
			name = Release;
		};
		33B427AA28FF27CD00B2165F /* Debug */ = {
			isa = XCBuildConfiguration;
			buildSettings = {
				ALWAYS_EMBED_SWIFT_STANDARD_LIBRARIES = YES;
				BUNDLE_LOADER = "$(TEST_HOST)";
				CODE_SIGN_STYLE = Automatic;
				CURRENT_PROJECT_VERSION = 1;
				DEVELOPMENT_TEAM = JV455MTU52;
				GENERATE_INFOPLIST_FILE = YES;
				IPHONEOS_DEPLOYMENT_TARGET = 16.0;
				MARKETING_VERSION = 1.0;
				PRODUCT_BUNDLE_IDENTIFIER = com.CalandraLark.UKContractsTests;
				PRODUCT_NAME = "$(TARGET_NAME)";
				SWIFT_EMIT_LOC_STRINGS = NO;
				SWIFT_VERSION = 5.0;
				TARGETED_DEVICE_FAMILY = "1,2";
				TEST_HOST = "$(BUILT_PRODUCTS_DIR)/UKContracts.app/$(BUNDLE_EXECUTABLE_FOLDER_PATH)/UKContracts";
			};
			name = Debug;
		};
		33B427AB28FF27CD00B2165F /* Release */ = {
			isa = XCBuildConfiguration;
			buildSettings = {
				ALWAYS_EMBED_SWIFT_STANDARD_LIBRARIES = YES;
				BUNDLE_LOADER = "$(TEST_HOST)";
				CODE_SIGN_STYLE = Automatic;
				CURRENT_PROJECT_VERSION = 1;
				DEVELOPMENT_TEAM = JV455MTU52;
				GENERATE_INFOPLIST_FILE = YES;
				IPHONEOS_DEPLOYMENT_TARGET = 16.0;
				MARKETING_VERSION = 1.0;
				PRODUCT_BUNDLE_IDENTIFIER = com.CalandraLark.UKContractsTests;
				PRODUCT_NAME = "$(TARGET_NAME)";
				SWIFT_EMIT_LOC_STRINGS = NO;
				SWIFT_VERSION = 5.0;
				TARGETED_DEVICE_FAMILY = "1,2";
				TEST_HOST = "$(BUILT_PRODUCTS_DIR)/UKContracts.app/$(BUNDLE_EXECUTABLE_FOLDER_PATH)/UKContracts";
			};
			name = Release;
		};
		33B427AD28FF27CD00B2165F /* Debug */ = {
			isa = XCBuildConfiguration;
			buildSettings = {
				ALWAYS_EMBED_SWIFT_STANDARD_LIBRARIES = YES;
				CODE_SIGN_STYLE = Automatic;
				CURRENT_PROJECT_VERSION = 1;
				DEVELOPMENT_TEAM = JV455MTU52;
				GENERATE_INFOPLIST_FILE = YES;
				MARKETING_VERSION = 1.0;
				PRODUCT_BUNDLE_IDENTIFIER = com.CalandraLark.UKContractsUITests;
				PRODUCT_NAME = "$(TARGET_NAME)";
				SWIFT_EMIT_LOC_STRINGS = NO;
				SWIFT_VERSION = 5.0;
				TARGETED_DEVICE_FAMILY = "1,2";
				TEST_TARGET_NAME = UKContracts;
			};
			name = Debug;
		};
		33B427AE28FF27CD00B2165F /* Release */ = {
			isa = XCBuildConfiguration;
			buildSettings = {
				ALWAYS_EMBED_SWIFT_STANDARD_LIBRARIES = YES;
				CODE_SIGN_STYLE = Automatic;
				CURRENT_PROJECT_VERSION = 1;
				DEVELOPMENT_TEAM = JV455MTU52;
				GENERATE_INFOPLIST_FILE = YES;
				MARKETING_VERSION = 1.0;
				PRODUCT_BUNDLE_IDENTIFIER = com.CalandraLark.UKContractsUITests;
				PRODUCT_NAME = "$(TARGET_NAME)";
				SWIFT_EMIT_LOC_STRINGS = NO;
				SWIFT_VERSION = 5.0;
				TARGETED_DEVICE_FAMILY = "1,2";
				TEST_TARGET_NAME = UKContracts;
			};
			name = Release;
		};
/* End XCBuildConfiguration section */

/* Begin XCConfigurationList section */
		33B4277D28FF27CC00B2165F /* Build configuration list for PBXProject "UKContracts" */ = {
			isa = XCConfigurationList;
			buildConfigurations = (
				33B427A428FF27CD00B2165F /* Debug */,
				33B427A528FF27CD00B2165F /* Release */,
			);
			defaultConfigurationIsVisible = 0;
			defaultConfigurationName = Release;
		};
		33B427A628FF27CD00B2165F /* Build configuration list for PBXNativeTarget "UKContracts" */ = {
			isa = XCConfigurationList;
			buildConfigurations = (
				33B427A728FF27CD00B2165F /* Debug */,
				33B427A828FF27CD00B2165F /* Release */,
			);
			defaultConfigurationIsVisible = 0;
			defaultConfigurationName = Release;
		};
		33B427A928FF27CD00B2165F /* Build configuration list for PBXNativeTarget "UKContractsTests" */ = {
			isa = XCConfigurationList;
			buildConfigurations = (
				33B427AA28FF27CD00B2165F /* Debug */,
				33B427AB28FF27CD00B2165F /* Release */,
			);
			defaultConfigurationIsVisible = 0;
			defaultConfigurationName = Release;
		};
		33B427AC28FF27CD00B2165F /* Build configuration list for PBXNativeTarget "UKContractsUITests" */ = {
			isa = XCConfigurationList;
			buildConfigurations = (
				33B427AD28FF27CD00B2165F /* Debug */,
				33B427AE28FF27CD00B2165F /* Release */,
			);
			defaultConfigurationIsVisible = 0;
			defaultConfigurationName = Release;
		};
/* End XCConfigurationList section */
	};
	rootObject = 33B4277A28FF27CC00B2165F /* Project object */;
}
